
Microsoft Visual Studio Solution File, Format Version 12.00
# Visual Studio Version 16
VisualStudioVersion = 16.0.31729.503
MinimumVisualStudioVersion = 10.0.40219.1
Project("{9A19103F-16F7-4668-BE54-9A1E7A4F7556}") = "WebApplicationAPI", "WebApplication1\WebApplicationAPI.csproj", "{424634FA-89D2-49D5-8DA5-B9A87E17AF50}"
EndProject
Global
	GlobalSection(SolutionConfigurationPlatforms) = preSolution
		Debug|Any CPU = Debug|Any CPU
		Release|Any CPU = Release|Any CPU
	EndGlobalSection
	GlobalSection(ProjectConfigurationPlatforms) = postSolution
		{424634FA-89D2-49D5-8DA5-B9A87E17AF50}.Debug|Any CPU.ActiveCfg = Debug|Any CPU
		{424634FA-89D2-49D5-8DA5-B9A87E17AF50}.Debug|Any CPU.Build.0 = Debug|Any CPU
		{424634FA-89D2-49D5-8DA5-B9A87E17AF50}.Release|Any CPU.ActiveCfg = Release|Any CPU
		{424634FA-89D2-49D5-8DA5-B9A87E17AF50}.Release|Any CPU.Build.0 = Release|Any CPU
	EndGlobalSection
	GlobalSection(SolutionProperties) = preSolution
		HideSolutionNode = FALSE
	EndGlobalSection
	GlobalSection(ExtensibilityGlobals) = postSolution
		SolutionGuid = {E9C3B156-03C6-4596-951A-6EE9D5DDD2DB}
	EndGlobalSection
EndGlobal
